
Microsoft Visual Studio Solution File, Format Version 12.00
# Visual Studio Version 17
VisualStudioVersion = 17.10.35027.167
MinimumVisualStudioVersion = 10.0.40219.1
Project("{8BC9CEB8-8B4A-11D0-8D11-00A0C91BC942}") = "lab4", "lab4\lab4.vcxproj", "{775C2254-65A0-4C7F-82F3-7CEBEEBAEDCF}"
EndProject
Project("{8BC9CEB8-8B4A-11D0-8D11-00A0C91BC942}") = "print", "print\print.vcxproj", "{A84E7EF0-2876-47E8-BA80-E07DA4B6800B}"
EndProject
Project("{8BC9CEB8-8B4A-11D0-8D11-00A0C91BC942}") = "var16mushoom", "var16mushoom\var16mushoom.vcxproj", "{6E0C8FCC-ABC4-4DFB-BAF8-C60D4AFC6DA5}"
EndProject
Project("{8BC9CEB8-8B4A-11D0-8D11-00A0C91BC942}") = "var16cars", "var16cars\var16cars.vcxproj", "{7C16CC46-8D4F-4F94-9F97-CEA66B5DA9A6}"
EndProject
Project("{8BC9CEB8-8B4A-11D0-8D11-00A0C91BC942}") = "var3fir-tree", "var3fir-tree\var3fir-tree.vcxproj", "{CEEA3C1A-FAFD-4E9B-BE9B-E701F243BA82}"
EndProject
Project("{8BC9CEB8-8B4A-11D0-8D11-00A0C91BC942}") = "var16numbers", "var16numbers\var16numbers.vcxproj", "{51DFFDFC-510A-4462-8C8D-236E3727E5CE}"
EndProject
Project("{8BC9CEB8-8B4A-11D0-8D11-00A0C91BC942}") = "var6star", "var6star\var6star.vcxproj", "{1C1A8F9C-911B-4B32-83EB-F9E98CCB9A50}"
EndProject
Project("{8BC9CEB8-8B4A-11D0-8D11-00A0C91BC942}") = "ConsoleApplicationscope", "ConsoleApplicationscope\ConsoleApplicationscope.vcxproj", "{0054003D-9AAF-4449-8379-0DB39244A29D}"
EndProject
Global
	GlobalSection(SolutionConfigurationPlatforms) = preSolution
		Debug|x64 = Debug|x64
		Debug|x86 = Debug|x86
		Release|x64 = Release|x64
		Release|x86 = Release|x86
	EndGlobalSection
	GlobalSection(ProjectConfigurationPlatforms) = postSolution
		{775C2254-65A0-4C7F-82F3-7CEBEEBAEDCF}.Debug|x64.ActiveCfg = Debug|x64
		{775C2254-65A0-4C7F-82F3-7CEBEEBAEDCF}.Debug|x64.Build.0 = Debug|x64
		{775C2254-65A0-4C7F-82F3-7CEBEEBAEDCF}.Debug|x86.ActiveCfg = Debug|Win32
		{775C2254-65A0-4C7F-82F3-7CEBEEBAEDCF}.Debug|x86.Build.0 = Debug|Win32
		{775C2254-65A0-4C7F-82F3-7CEBEEBAEDCF}.Release|x64.ActiveCfg = Release|x64
		{775C2254-65A0-4C7F-82F3-7CEBEEBAEDCF}.Release|x64.Build.0 = Release|x64
		{775C2254-65A0-4C7F-82F3-7CEBEEBAEDCF}.Release|x86.ActiveCfg = Release|Win32
		{775C2254-65A0-4C7F-82F3-7CEBEEBAEDCF}.Release|x86.Build.0 = Release|Win32
		{A84E7EF0-2876-47E8-BA80-E07DA4B6800B}.Debug|x64.ActiveCfg = Debug|x64
		{A84E7EF0-2876-47E8-BA80-E07DA4B6800B}.Debug|x64.Build.0 = Debug|x64
		{A84E7EF0-2876-47E8-BA80-E07DA4B6800B}.Debug|x86.ActiveCfg = Debug|Win32
		{A84E7EF0-2876-47E8-BA80-E07DA4B6800B}.Debug|x86.Build.0 = Debug|Win32
		{A84E7EF0-2876-47E8-BA80-E07DA4B6800B}.Release|x64.ActiveCfg = Release|x64
		{A84E7EF0-2876-47E8-BA80-E07DA4B6800B}.Release|x64.Build.0 = Release|x64
		{A84E7EF0-2876-47E8-BA80-E07DA4B6800B}.Release|x86.ActiveCfg = Release|Win32
		{A84E7EF0-2876-47E8-BA80-E07DA4B6800B}.Release|x86.Build.0 = Release|Win32
		{6E0C8FCC-ABC4-4DFB-BAF8-C60D4AFC6DA5}.Debug|x64.ActiveCfg = Debug|x64
		{6E0C8FCC-ABC4-4DFB-BAF8-C60D4AFC6DA5}.Debug|x64.Build.0 = Debug|x64
		{6E0C8FCC-ABC4-4DFB-BAF8-C60D4AFC6DA5}.Debug|x86.ActiveCfg = Debug|Win32
		{6E0C8FCC-ABC4-4DFB-BAF8-C60D4AFC6DA5}.Debug|x86.Build.0 = Debug|Win32
		{6E0C8FCC-ABC4-4DFB-BAF8-C60D4AFC6DA5}.Release|x64.ActiveCfg = Release|x64
		{6E0C8FCC-ABC4-4DFB-BAF8-C60D4AFC6DA5}.Release|x64.Build.0 = Release|x64
		{6E0C8FCC-ABC4-4DFB-BAF8-C60D4AFC6DA5}.Release|x86.ActiveCfg = Release|Win32
		{6E0C8FCC-ABC4-4DFB-BAF8-C60D4AFC6DA5}.Release|x86.Build.0 = Release|Win32
		{7C16CC46-8D4F-4F94-9F97-CEA66B5DA9A6}.Debug|x64.ActiveCfg = Debug|x64
		{7C16CC46-8D4F-4F94-9F97-CEA66B5DA9A6}.Debug|x64.Build.0 = Debug|x64
		{7C16CC46-8D4F-4F94-9F97-CEA66B5DA9A6}.Debug|x86.ActiveCfg = Debug|Win32
		{7C16CC46-8D4F-4F94-9F97-CEA66B5DA9A6}.Debug|x86.Build.0 = Debug|Win32
		{7C16CC46-8D4F-4F94-9F97-CEA66B5DA9A6}.Release|x64.ActiveCfg = Release|x64
		{7C16CC46-8D4F-4F94-9F97-CEA66B5DA9A6}.Release|x64.Build.0 = Release|x64
		{7C16CC46-8D4F-4F94-9F97-CEA66B5DA9A6}.Release|x86.ActiveCfg = Release|Win32
		{7C16CC46-8D4F-4F94-9F97-CEA66B5DA9A6}.Release|x86.Build.0 = Release|Win32
		{CEEA3C1A-FAFD-4E9B-BE9B-E701F243BA82}.Debug|x64.ActiveCfg = Debug|x64
		{CEEA3C1A-FAFD-4E9B-BE9B-E701F243BA82}.Debug|x64.Build.0 = Debug|x64
		{CEEA3C1A-FAFD-4E9B-BE9B-E701F243BA82}.Debug|x86.ActiveCfg = Debug|Win32
		{CEEA3C1A-FAFD-4E9B-BE9B-E701F243BA82}.Debug|x86.Build.0 = Debug|Win32
		{CEEA3C1A-FAFD-4E9B-BE9B-E701F243BA82}.Release|x64.ActiveCfg = Release|x64
		{CEEA3C1A-FAFD-4E9B-BE9B-E701F243BA82}.Release|x64.Build.0 = Release|x64
		{CEEA3C1A-FAFD-4E9B-BE9B-E701F243BA82}.Release|x86.ActiveCfg = Release|Win32
		{CEEA3C1A-FAFD-4E9B-BE9B-E701F243BA82}.Release|x86.Build.0 = Release|Win32
		{51DFFDFC-510A-4462-8C8D-236E3727E5CE}.Debug|x64.ActiveCfg = Debug|x64
		{51DFFDFC-510A-4462-8C8D-236E3727E5CE}.Debug|x64.Build.0 = Debug|x64
		{51DFFDFC-510A-4462-8C8D-236E3727E5CE}.Debug|x86.ActiveCfg = Debug|Win32
		{51DFFDFC-510A-4462-8C8D-236E3727E5CE}.Debug|x86.Build.0 = Debug|Win32
		{51DFFDFC-510A-4462-8C8D-236E3727E5CE}.Release|x64.ActiveCfg = Release|x64
		{51DFFDFC-510A-4462-8C8D-236E3727E5CE}.Release|x64.Build.0 = Release|x64
		{51DFFDFC-510A-4462-8C8D-236E3727E5CE}.Release|x86.ActiveCfg = Release|Win32
		{51DFFDFC-510A-4462-8C8D-236E3727E5CE}.Release|x86.Build.0 = Release|Win32
		{1C1A8F9C-911B-4B32-83EB-F9E98CCB9A50}.Debug|x64.ActiveCfg = Debug|x64
		{1C1A8F9C-911B-4B32-83EB-F9E98CCB9A50}.Debug|x64.Build.0 = Debug|x64
		{1C1A8F9C-911B-4B32-83EB-F9E98CCB9A50}.Debug|x86.ActiveCfg = Debug|Win32
		{1C1A8F9C-911B-4B32-83EB-F9E98CCB9A50}.Debug|x86.Build.0 = Debug|Win32
		{1C1A8F9C-911B-4B32-83EB-F9E98CCB9A50}.Release|x64.ActiveCfg = Release|x64
		{1C1A8F9C-911B-4B32-83EB-F9E98CCB9A50}.Release|x64.Build.0 = Release|x64
		{1C1A8F9C-911B-4B32-83EB-F9E98CCB9A50}.Release|x86.ActiveCfg = Release|Win32
		{1C1A8F9C-911B-4B32-83EB-F9E98CCB9A50}.Release|x86.Build.0 = Release|Win32
		{0054003D-9AAF-4449-8379-0DB39244A29D}.Debug|x64.ActiveCfg = Debug|x64
		{0054003D-9AAF-4449-8379-0DB39244A29D}.Debug|x64.Build.0 = Debug|x64
		{0054003D-9AAF-4449-8379-0DB39244A29D}.Debug|x86.ActiveCfg = Debug|Win32
		{0054003D-9AAF-4449-8379-0DB39244A29D}.Debug|x86.Build.0 = Debug|Win32
		{0054003D-9AAF-4449-8379-0DB39244A29D}.Release|x64.ActiveCfg = Release|x64
		{0054003D-9AAF-4449-8379-0DB39244A29D}.Release|x64.Build.0 = Release|x64
		{0054003D-9AAF-4449-8379-0DB39244A29D}.Release|x86.ActiveCfg = Release|Win32
		{0054003D-9AAF-4449-8379-0DB39244A29D}.Release|x86.Build.0 = Release|Win32
	EndGlobalSection
	GlobalSection(SolutionProperties) = preSolution
		HideSolutionNode = FALSE
	EndGlobalSection
	GlobalSection(ExtensibilityGlobals) = postSolution
		SolutionGuid = {698ED981-D010-49B4-BFA1-70785F2AE3F9}
	EndGlobalSection
EndGlobal
